// !$*UTF8*$!
{
	archiveVersion = 1;
	classes = {
	};
	objectVersion = 46;
	objects = {

/* Begin PBXBuildFile section */
		3F922EDE165988ED005CA77E /* DetailEpreuveViewController.m in Sources */ = {isa = PBXBuildFile; fileRef = 3F922EDC165988ED005CA77E /* DetailEpreuveViewController.m */; };
		3F922EDF165988ED005CA77E /* DetailEpreuveViewController.xib in Resources */ = {isa = PBXBuildFile; fileRef = 3F922EDD165988ED005CA77E /* DetailEpreuveViewController.xib */; };
		3FB752961633526C00F55F74 /* RedactionCommentViewController.m in Sources */ = {isa = PBXBuildFile; fileRef = 3FB752941633526C00F55F74 /* RedactionCommentViewController.m */; };
		3FB752971633526C00F55F74 /* RedactionCommentViewController.xib in Resources */ = {isa = PBXBuildFile; fileRef = 3FB752951633526C00F55F74 /* RedactionCommentViewController.xib */; };
		3FCCBADF161B94DA005FBEC2 /* PartageViewController.m in Sources */ = {isa = PBXBuildFile; fileRef = 3FCCBADD161B94DA005FBEC2 /* PartageViewController.m */; };
		3FCCBAE0161B94DA005FBEC2 /* PartageViewController.xib in Resources */ = {isa = PBXBuildFile; fileRef = 3FCCBADE161B94DA005FBEC2 /* PartageViewController.xib */; };
		3FE21DCD161109CF0058E82F /* CommentCell.m in Sources */ = {isa = PBXBuildFile; fileRef = 3FE21DCC161109CF0058E82F /* CommentCell.m */; };
		3FF2EA3E160FBAB600CDE3C5 /* CommentsViewController.m in Sources */ = {isa = PBXBuildFile; fileRef = 3FF2EA3C160FBAB600CDE3C5 /* CommentsViewController.m */; };
		3FF2EA3F160FBAB600CDE3C5 /* CommentsViewController.xib in Resources */ = {isa = PBXBuildFile; fileRef = 3FF2EA3D160FBAB600CDE3C5 /* CommentsViewController.xib */; };
		912A4A6816111A00007BFF42 /* Icone57.png in Resources */ = {isa = PBXBuildFile; fileRef = 912A4A6716111A00007BFF42 /* Icone57.png */; };
		912A4A6A16111A0A007BFF42 /* Icone114.png in Resources */ = {isa = PBXBuildFile; fileRef = 912A4A6916111A0A007BFF42 /* Icone114.png */; };
		912B212C160F1C08001E5C06 /* PullToRefreshView.m in Sources */ = {isa = PBXBuildFile; fileRef = 912B212B160F1BFA001E5C06 /* PullToRefreshView.m */; };
		915A9842161E0C1B00AE7694 /* Foundation.framework in Frameworks */ = {isa = PBXBuildFile; fileRef = 91EB6AA415E4ED750036B5D2 /* Foundation.framework */; };
		915A9847161E0C1B00AE7694 /* lib_asihttp.h in CopyFiles */ = {isa = PBXBuildFile; fileRef = 915A9846161E0C1B00AE7694 /* lib_asihttp.h */; };
		915A9849161E0C1B00AE7694 /* lib_asihttp.m in Sources */ = {isa = PBXBuildFile; fileRef = 915A9848161E0C1B00AE7694 /* lib_asihttp.m */; settings = {COMPILER_FLAGS = "-fno-objc-arc"; }; };
		915A9862161E0C9B00AE7694 /* ASIAuthenticationDialog.m in Sources */ = {isa = PBXBuildFile; fileRef = 915A984F161E0C9B00AE7694 /* ASIAuthenticationDialog.m */; settings = {COMPILER_FLAGS = "-fno-objc-arc"; }; };
		915A9863161E0C9B00AE7694 /* ASIDataCompressor.m in Sources */ = {isa = PBXBuildFile; fileRef = 915A9852161E0C9B00AE7694 /* ASIDataCompressor.m */; settings = {COMPILER_FLAGS = "-fno-objc-arc"; }; };
		915A9864161E0C9B00AE7694 /* ASIDataDecompressor.m in Sources */ = {isa = PBXBuildFile; fileRef = 915A9854161E0C9B00AE7694 /* ASIDataDecompressor.m */; settings = {COMPILER_FLAGS = "-fno-objc-arc"; }; };
		915A9865161E0C9B00AE7694 /* ASIDownloadCache.m in Sources */ = {isa = PBXBuildFile; fileRef = 915A9856161E0C9B00AE7694 /* ASIDownloadCache.m */; settings = {COMPILER_FLAGS = "-fno-objc-arc"; }; };
		915A9866161E0C9B00AE7694 /* ASIFormDataRequest.m in Sources */ = {isa = PBXBuildFile; fileRef = 915A9858161E0C9B00AE7694 /* ASIFormDataRequest.m */; settings = {COMPILER_FLAGS = "-fno-objc-arc"; }; };
		915A9867161E0C9B00AE7694 /* ASIHTTPRequest.m in Sources */ = {isa = PBXBuildFile; fileRef = 915A985A161E0C9B00AE7694 /* ASIHTTPRequest.m */; settings = {COMPILER_FLAGS = "-fno-objc-arc"; }; };
		915A9868161E0C9B00AE7694 /* ASIInputStream.m in Sources */ = {isa = PBXBuildFile; fileRef = 915A985E161E0C9B00AE7694 /* ASIInputStream.m */; settings = {COMPILER_FLAGS = "-fno-objc-arc"; }; };
		915A9869161E0C9B00AE7694 /* ASINetworkQueue.m in Sources */ = {isa = PBXBuildFile; fileRef = 915A9860161E0C9B00AE7694 /* ASINetworkQueue.m */; settings = {COMPILER_FLAGS = "-fno-objc-arc"; }; };
		915A986D161E0CBA00AE7694 /* Reachability.m in Sources */ = {isa = PBXBuildFile; fileRef = 915A986C161E0CBA00AE7694 /* Reachability.m */; settings = {COMPILER_FLAGS = "-fno-objc-arc"; }; };
		915A986E161E0D1F00AE7694 /* liblib-asihttp.a in Frameworks */ = {isa = PBXBuildFile; fileRef = 915A9841161E0C1B00AE7694 /* liblib-asihttp.a */; };
		915A9870161E0D5000AE7694 /* CFNetwork.framework in Frameworks */ = {isa = PBXBuildFile; fileRef = 915A986F161E0D5000AE7694 /* CFNetwork.framework */; };
		915A9872161E0D7C00AE7694 /* SystemConfiguration.framework in Frameworks */ = {isa = PBXBuildFile; fileRef = 915A9871161E0D7C00AE7694 /* SystemConfiguration.framework */; };
		915A9874161E0D8300AE7694 /* MobileCoreServices.framework in Frameworks */ = {isa = PBXBuildFile; fileRef = 915A9873161E0D8300AE7694 /* MobileCoreServices.framework */; };
		915A9876161E0D9400AE7694 /* libz.dylib in Frameworks */ = {isa = PBXBuildFile; fileRef = 915A9875161E0D9400AE7694 /* libz.dylib */; };
		915D1C73160A599D0021D47D /* Default@2x.png in Resources */ = {isa = PBXBuildFile; fileRef = 915D1C72160A599D0021D47D /* Default@2x.png */; };
		915D1C77160A59EA0021D47D /* Default.png in Resources */ = {isa = PBXBuildFile; fileRef = 915D1C76160A59EA0021D47D /* Default.png */; };
		915D1C7B160A5AB00021D47D /* Default-568h@2x.png in Resources */ = {isa = PBXBuildFile; fileRef = 915D1C7A160A5AB00021D47D /* Default-568h@2x.png */; };
		9188F57315FCA04A00BF27BD /* SectionListViewController.m in Sources */ = {isa = PBXBuildFile; fileRef = 9188F57215FCA04A00BF27BD /* SectionListViewController.m */; };
		9188F57515FCA58900BF27BD /* QuartzCore.framework in Frameworks */ = {isa = PBXBuildFile; fileRef = 91D8C3DE15FC1C5F00FB33B0 /* QuartzCore.framework */; };
		9188F5D415FCA89000BF27BD /* PPRevealSideViewController.m in Sources */ = {isa = PBXBuildFile; fileRef = 9188F5D315FCA89000BF27BD /* PPRevealSideViewController.m */; };
		91941985162F46A1002A8847 /* Baccalaureat.png in Resources */ = {isa = PBXBuildFile; fileRef = 9194197B162F46A1002A8847 /* Baccalaureat.png */; };
		91941986162F46A1002A8847 /* Baccalaureat@2x.png in Resources */ = {isa = PBXBuildFile; fileRef = 9194197C162F46A1002A8847 /* Baccalaureat@2x.png */; };
		91941987162F46A1002A8847 /* Banque PT.png in Resources */ = {isa = PBXBuildFile; fileRef = 9194197D162F46A1002A8847 /* Banque PT.png */; };
		91941988162F46A1002A8847 /* Banque PT@2x.png in Resources */ = {isa = PBXBuildFile; fileRef = 9194197E162F46A1002A8847 /* Banque PT@2x.png */; };
		91941989162F46A1002A8847 /* CCP.png in Resources */ = {isa = PBXBuildFile; fileRef = 9194197F162F46A1002A8847 /* CCP.png */; };
		9194198A162F46A1002A8847 /* CCP@2x.png in Resources */ = {isa = PBXBuildFile; fileRef = 91941980162F46A1002A8847 /* CCP@2x.png */; };
		9194198B162F46A1002A8847 /* Centrale-Supelec.png in Resources */ = {isa = PBXBuildFile; fileRef = 91941981162F46A1002A8847 /* Centrale-Supelec.png */; };
		9194198C162F46A1002A8847 /* Centrale-Supelec@2x.png in Resources */ = {isa = PBXBuildFile; fileRef = 91941982162F46A1002A8847 /* Centrale-Supelec@2x.png */; };
		9194198D162F46A1002A8847 /* Mines-Ponts.png in Resources */ = {isa = PBXBuildFile; fileRef = 91941983162F46A1002A8847 /* Mines-Ponts.png */; };
		9194198E162F46A1002A8847 /* Mines-Ponts@2x.png in Resources */ = {isa = PBXBuildFile; fileRef = 91941984162F46A1002A8847 /* Mines-Ponts@2x.png */; };
		91973C42162A252300FBF516 /* ListeConcoursViewController.m in Sources */ = {isa = PBXBuildFile; fileRef = 91973C40162A252300FBF516 /* ListeConcoursViewController.m */; };
		91973C43162A252300FBF516 /* ListeConcoursViewController.xib in Resources */ = {isa = PBXBuildFile; fileRef = 91973C41162A252300FBF516 /* ListeConcoursViewController.xib */; };
		91B717C116203D44008485A1 /* MBProgressHUD.m in Sources */ = {isa = PBXBuildFile; fileRef = 91B717C016203D44008485A1 /* MBProgressHUD.m */; };
		91C89A34165706B100E0E6CA /* Twitter.framework in Frameworks */ = {isa = PBXBuildFile; fileRef = 91C89A33165706B100E0E6CA /* Twitter.framework */; };
		91C89A3E16570BAB00E0E6CA /* Social.framework in Frameworks */ = {isa = PBXBuildFile; fileRef = 91C89A3D16570BAB00E0E6CA /* Social.framework */; settings = {ATTRIBUTES = (Weak, ); }; };
		91C9126316165E6E00EE51E8 /* ActuDetailViewController.m in Sources */ = {isa = PBXBuildFile; fileRef = 91C9126116165E6E00EE51E8 /* ActuDetailViewController.m */; };
		91C9126416165E6E00EE51E8 /* ActuDetailViewController.xib in Resources */ = {isa = PBXBuildFile; fileRef = 91C9126216165E6E00EE51E8 /* ActuDetailViewController.xib */; };
		91C9127D16166EF100EE51E8 /* ContentPageSujetViewController.m in Sources */ = {isa = PBXBuildFile; fileRef = 91C9127B16166EF100EE51E8 /* ContentPageSujetViewController.m */; };
		91C9127E16166EF100EE51E8 /* ContentPageSujetViewController.xib in Resources */ = {isa = PBXBuildFile; fileRef = 91C9127C16166EF100EE51E8 /* ContentPageSujetViewController.xib */; };
		91C91286161676BF00EE51E8 /* PageSujetViewController.m in Sources */ = {isa = PBXBuildFile; fileRef = 91C91284161676BF00EE51E8 /* PageSujetViewController.m */; };
		91C91287161676BF00EE51E8 /* PageSujetViewController.xib in Resources */ = {isa = PBXBuildFile; fileRef = 91C91285161676BF00EE51E8 /* PageSujetViewController.xib */; };
		91D8C3AA15FC028800FB33B0 /* ActuViewController.m in Sources */ = {isa = PBXBuildFile; fileRef = 91D8C3A915FC028800FB33B0 /* ActuViewController.m */; };
		91D8C3B215FC0C5200FB33B0 /* ActuCell.m in Sources */ = {isa = PBXBuildFile; fileRef = 91D8C3B115FC0C5200FB33B0 /* ActuCell.m */; };
		91E1ADD5161CD1D5000BAE94 /* XMLParser.m in Sources */ = {isa = PBXBuildFile; fileRef = 91E1ADD4161CD1D5000BAE94 /* XMLParser.m */; };
		91EB6AA315E4ED750036B5D2 /* UIKit.framework in Frameworks */ = {isa = PBXBuildFile; fileRef = 91EB6AA215E4ED750036B5D2 /* UIKit.framework */; };
		91EB6AA515E4ED750036B5D2 /* Foundation.framework in Frameworks */ = {isa = PBXBuildFile; fileRef = 91EB6AA415E4ED750036B5D2 /* Foundation.framework */; };
		91EB6AA715E4ED750036B5D2 /* CoreGraphics.framework in Frameworks */ = {isa = PBXBuildFile; fileRef = 91EB6AA615E4ED750036B5D2 /* CoreGraphics.framework */; };
		91EB6AAD15E4ED750036B5D2 /* InfoPlist.strings in Resources */ = {isa = PBXBuildFile; fileRef = 91EB6AAB15E4ED750036B5D2 /* InfoPlist.strings */; };
		91EB6AAF15E4ED750036B5D2 /* main.m in Sources */ = {isa = PBXBuildFile; fileRef = 91EB6AAE15E4ED750036B5D2 /* main.m */; };
		91EB6AB315E4ED750036B5D2 /* AppDelegate.m in Sources */ = {isa = PBXBuildFile; fileRef = 91EB6AB215E4ED750036B5D2 /* AppDelegate.m */; };
		91EB6AB615E4ED750036B5D2 /* FirstViewController.m in Sources */ = {isa = PBXBuildFile; fileRef = 91EB6AB515E4ED750036B5D2 /* FirstViewController.m */; };
		91EB6AB815E4ED750036B5D2 /* first.png in Resources */ = {isa = PBXBuildFile; fileRef = 91EB6AB715E4ED750036B5D2 /* first.png */; };
		91EB6ABA15E4ED750036B5D2 /* first@2x.png in Resources */ = {isa = PBXBuildFile; fileRef = 91EB6AB915E4ED750036B5D2 /* first@2x.png */; };
		91EB6ABD15E4ED750036B5D2 /* SecondViewController.m in Sources */ = {isa = PBXBuildFile; fileRef = 91EB6ABC15E4ED750036B5D2 /* SecondViewController.m */; };
		91EB6ABF15E4ED750036B5D2 /* second.png in Resources */ = {isa = PBXBuildFile; fileRef = 91EB6ABE15E4ED750036B5D2 /* second.png */; };
		91EB6AC115E4ED750036B5D2 /* second@2x.png in Resources */ = {isa = PBXBuildFile; fileRef = 91EB6AC015E4ED750036B5D2 /* second@2x.png */; };
		91EB6AC415E4ED750036B5D2 /* FirstViewController_iPhone.xib in Resources */ = {isa = PBXBuildFile; fileRef = 91EB6AC215E4ED750036B5D2 /* FirstViewController_iPhone.xib */; };
		91EB6AC715E4ED750036B5D2 /* FirstViewController_iPad.xib in Resources */ = {isa = PBXBuildFile; fileRef = 91EB6AC515E4ED750036B5D2 /* FirstViewController_iPad.xib */; };
		91EB6ACA15E4ED750036B5D2 /* SecondViewController_iPhone.xib in Resources */ = {isa = PBXBuildFile; fileRef = 91EB6AC815E4ED750036B5D2 /* SecondViewController_iPhone.xib */; };
		91EB6ACD15E4ED750036B5D2 /* SecondViewController_iPad.xib in Resources */ = {isa = PBXBuildFile; fileRef = 91EB6ACB15E4ED750036B5D2 /* SecondViewController_iPad.xib */; };
/* End PBXBuildFile section */

/* Begin PBXCopyFilesBuildPhase section */
		915A983F161E0C1B00AE7694 /* CopyFiles */ = {
			isa = PBXCopyFilesBuildPhase;
			buildActionMask = 2147483647;
			dstPath = "include/${PRODUCT_NAME}";
			dstSubfolderSpec = 16;
			files = (
				915A9847161E0C1B00AE7694 /* lib_asihttp.h in CopyFiles */,
			);
			runOnlyForDeploymentPostprocessing = 0;
		};
/* End PBXCopyFilesBuildPhase section */

/* Begin PBXFileReference section */
		3F922EDB165988ED005CA77E /* DetailEpreuveViewController.h */ = {isa = PBXFileReference; fileEncoding = 4; lastKnownFileType = sourcecode.c.h; path = DetailEpreuveViewController.h; sourceTree = "<group>"; };
		3F922EDC165988ED005CA77E /* DetailEpreuveViewController.m */ = {isa = PBXFileReference; fileEncoding = 4; lastKnownFileType = sourcecode.c.objc; path = DetailEpreuveViewController.m; sourceTree = "<group>"; };
		3F922EDD165988ED005CA77E /* DetailEpreuveViewController.xib */ = {isa = PBXFileReference; fileEncoding = 4; lastKnownFileType = file.xib; path = DetailEpreuveViewController.xib; sourceTree = "<group>"; };
		3FB752931633526C00F55F74 /* RedactionCommentViewController.h */ = {isa = PBXFileReference; fileEncoding = 4; lastKnownFileType = sourcecode.c.h; path = RedactionCommentViewController.h; sourceTree = "<group>"; };
		3FB752941633526C00F55F74 /* RedactionCommentViewController.m */ = {isa = PBXFileReference; fileEncoding = 4; lastKnownFileType = sourcecode.c.objc; path = RedactionCommentViewController.m; sourceTree = "<group>"; };
		3FB752951633526C00F55F74 /* RedactionCommentViewController.xib */ = {isa = PBXFileReference; fileEncoding = 4; lastKnownFileType = file.xib; path = RedactionCommentViewController.xib; sourceTree = "<group>"; };
		3FCCBADC161B94DA005FBEC2 /* PartageViewController.h */ = {isa = PBXFileReference; fileEncoding = 4; lastKnownFileType = sourcecode.c.h; path = PartageViewController.h; sourceTree = "<group>"; };
		3FCCBADD161B94DA005FBEC2 /* PartageViewController.m */ = {isa = PBXFileReference; fileEncoding = 4; lastKnownFileType = sourcecode.c.objc; path = PartageViewController.m; sourceTree = "<group>"; };
		3FCCBADE161B94DA005FBEC2 /* PartageViewController.xib */ = {isa = PBXFileReference; fileEncoding = 4; lastKnownFileType = file.xib; path = PartageViewController.xib; sourceTree = "<group>"; };
		3FE21DCB161109CF0058E82F /* CommentCell.h */ = {isa = PBXFileReference; fileEncoding = 4; lastKnownFileType = sourcecode.c.h; path = CommentCell.h; sourceTree = "<group>"; };
		3FE21DCC161109CF0058E82F /* CommentCell.m */ = {isa = PBXFileReference; fileEncoding = 4; lastKnownFileType = sourcecode.c.objc; path = CommentCell.m; sourceTree = "<group>"; };
		3FF2EA3B160FBAB600CDE3C5 /* CommentsViewController.h */ = {isa = PBXFileReference; fileEncoding = 4; lastKnownFileType = sourcecode.c.h; path = CommentsViewController.h; sourceTree = "<group>"; };
		3FF2EA3C160FBAB600CDE3C5 /* CommentsViewController.m */ = {isa = PBXFileReference; fileEncoding = 4; lastKnownFileType = sourcecode.c.objc; path = CommentsViewController.m; sourceTree = "<group>"; };
		3FF2EA3D160FBAB600CDE3C5 /* CommentsViewController.xib */ = {isa = PBXFileReference; fileEncoding = 4; lastKnownFileType = file.xib; path = CommentsViewController.xib; sourceTree = "<group>"; };
		912A4A6716111A00007BFF42 /* Icone57.png */ = {isa = PBXFileReference; lastKnownFileType = image.png; name = Icone57.png; path = ../Icone57.png; sourceTree = "<group>"; };
		912A4A6916111A0A007BFF42 /* Icone114.png */ = {isa = PBXFileReference; lastKnownFileType = image.png; name = Icone114.png; path = ../Icone114.png; sourceTree = "<group>"; };
		912B2128160F1BFA001E5C06 /* arrow.png */ = {isa = PBXFileReference; lastKnownFileType = image.png; path = arrow.png; sourceTree = "<group>"; };
		912B2129160F1BFA001E5C06 /* arrow@2x.png */ = {isa = PBXFileReference; lastKnownFileType = image.png; path = "arrow@2x.png"; sourceTree = "<group>"; };
		912B212A160F1BFA001E5C06 /* PullToRefreshView.h */ = {isa = PBXFileReference; lastKnownFileType = sourcecode.c.h; path = PullToRefreshView.h; sourceTree = "<group>"; };
		912B212B160F1BFA001E5C06 /* PullToRefreshView.m */ = {isa = PBXFileReference; lastKnownFileType = sourcecode.c.objc; path = PullToRefreshView.m; sourceTree = "<group>"; };
		915A9841161E0C1B00AE7694 /* liblib-asihttp.a */ = {isa = PBXFileReference; explicitFileType = archive.ar; includeInIndex = 0; path = "liblib-asihttp.a"; sourceTree = BUILT_PRODUCTS_DIR; };
		915A9845161E0C1B00AE7694 /* lib-asihttp-Prefix.pch */ = {isa = PBXFileReference; lastKnownFileType = sourcecode.c.h; path = "lib-asihttp-Prefix.pch"; sourceTree = "<group>"; };
		915A9846161E0C1B00AE7694 /* lib_asihttp.h */ = {isa = PBXFileReference; lastKnownFileType = sourcecode.c.h; path = lib_asihttp.h; sourceTree = "<group>"; };
		915A9848161E0C1B00AE7694 /* lib_asihttp.m */ = {isa = PBXFileReference; lastKnownFileType = sourcecode.c.objc; path = lib_asihttp.m; sourceTree = "<group>"; };
		915A984E161E0C9B00AE7694 /* ASIAuthenticationDialog.h */ = {isa = PBXFileReference; fileEncoding = 4; lastKnownFileType = sourcecode.c.h; path = ASIAuthenticationDialog.h; sourceTree = "<group>"; };
		915A984F161E0C9B00AE7694 /* ASIAuthenticationDialog.m */ = {isa = PBXFileReference; fileEncoding = 4; lastKnownFileType = sourcecode.c.objc; path = ASIAuthenticationDialog.m; sourceTree = "<group>"; };
		915A9850161E0C9B00AE7694 /* ASICacheDelegate.h */ = {isa = PBXFileReference; fileEncoding = 4; lastKnownFileType = sourcecode.c.h; path = ASICacheDelegate.h; sourceTree = "<group>"; };
		915A9851161E0C9B00AE7694 /* ASIDataCompressor.h */ = {isa = PBXFileReference; fileEncoding = 4; lastKnownFileType = sourcecode.c.h; path = ASIDataCompressor.h; sourceTree = "<group>"; };
		915A9852161E0C9B00AE7694 /* ASIDataCompressor.m */ = {isa = PBXFileReference; fileEncoding = 4; lastKnownFileType = sourcecode.c.objc; path = ASIDataCompressor.m; sourceTree = "<group>"; };
		915A9853161E0C9B00AE7694 /* ASIDataDecompressor.h */ = {isa = PBXFileReference; fileEncoding = 4; lastKnownFileType = sourcecode.c.h; path = ASIDataDecompressor.h; sourceTree = "<group>"; };
		915A9854161E0C9B00AE7694 /* ASIDataDecompressor.m */ = {isa = PBXFileReference; fileEncoding = 4; lastKnownFileType = sourcecode.c.objc; path = ASIDataDecompressor.m; sourceTree = "<group>"; };
		915A9855161E0C9B00AE7694 /* ASIDownloadCache.h */ = {isa = PBXFileReference; fileEncoding = 4; lastKnownFileType = sourcecode.c.h; path = ASIDownloadCache.h; sourceTree = "<group>"; };
		915A9856161E0C9B00AE7694 /* ASIDownloadCache.m */ = {isa = PBXFileReference; fileEncoding = 4; lastKnownFileType = sourcecode.c.objc; path = ASIDownloadCache.m; sourceTree = "<group>"; };
		915A9857161E0C9B00AE7694 /* ASIFormDataRequest.h */ = {isa = PBXFileReference; fileEncoding = 4; lastKnownFileType = sourcecode.c.h; path = ASIFormDataRequest.h; sourceTree = "<group>"; };
		915A9858161E0C9B00AE7694 /* ASIFormDataRequest.m */ = {isa = PBXFileReference; fileEncoding = 4; lastKnownFileType = sourcecode.c.objc; path = ASIFormDataRequest.m; sourceTree = "<group>"; };
		915A9859161E0C9B00AE7694 /* ASIHTTPRequest.h */ = {isa = PBXFileReference; fileEncoding = 4; lastKnownFileType = sourcecode.c.h; path = ASIHTTPRequest.h; sourceTree = "<group>"; };
		915A985A161E0C9B00AE7694 /* ASIHTTPRequest.m */ = {isa = PBXFileReference; fileEncoding = 4; lastKnownFileType = sourcecode.c.objc; path = ASIHTTPRequest.m; sourceTree = "<group>"; };
		915A985B161E0C9B00AE7694 /* ASIHTTPRequestConfig.h */ = {isa = PBXFileReference; fileEncoding = 4; lastKnownFileType = sourcecode.c.h; path = ASIHTTPRequestConfig.h; sourceTree = "<group>"; };
		915A985C161E0C9B00AE7694 /* ASIHTTPRequestDelegate.h */ = {isa = PBXFileReference; fileEncoding = 4; lastKnownFileType = sourcecode.c.h; path = ASIHTTPRequestDelegate.h; sourceTree = "<group>"; };
		915A985D161E0C9B00AE7694 /* ASIInputStream.h */ = {isa = PBXFileReference; fileEncoding = 4; lastKnownFileType = sourcecode.c.h; path = ASIInputStream.h; sourceTree = "<group>"; };
		915A985E161E0C9B00AE7694 /* ASIInputStream.m */ = {isa = PBXFileReference; fileEncoding = 4; lastKnownFileType = sourcecode.c.objc; path = ASIInputStream.m; sourceTree = "<group>"; };
		915A985F161E0C9B00AE7694 /* ASINetworkQueue.h */ = {isa = PBXFileReference; fileEncoding = 4; lastKnownFileType = sourcecode.c.h; path = ASINetworkQueue.h; sourceTree = "<group>"; };
		915A9860161E0C9B00AE7694 /* ASINetworkQueue.m */ = {isa = PBXFileReference; fileEncoding = 4; lastKnownFileType = sourcecode.c.objc; path = ASINetworkQueue.m; sourceTree = "<group>"; };
		915A9861161E0C9B00AE7694 /* ASIProgressDelegate.h */ = {isa = PBXFileReference; fileEncoding = 4; lastKnownFileType = sourcecode.c.h; path = ASIProgressDelegate.h; sourceTree = "<group>"; };
		915A986B161E0CBA00AE7694 /* Reachability.h */ = {isa = PBXFileReference; fileEncoding = 4; lastKnownFileType = sourcecode.c.h; path = Reachability.h; sourceTree = "<group>"; };
		915A986C161E0CBA00AE7694 /* Reachability.m */ = {isa = PBXFileReference; fileEncoding = 4; lastKnownFileType = sourcecode.c.objc; path = Reachability.m; sourceTree = "<group>"; };
		915A986F161E0D5000AE7694 /* CFNetwork.framework */ = {isa = PBXFileReference; lastKnownFileType = wrapper.framework; name = CFNetwork.framework; path = System/Library/Frameworks/CFNetwork.framework; sourceTree = SDKROOT; };
		915A9871161E0D7C00AE7694 /* SystemConfiguration.framework */ = {isa = PBXFileReference; lastKnownFileType = wrapper.framework; name = SystemConfiguration.framework; path = System/Library/Frameworks/SystemConfiguration.framework; sourceTree = SDKROOT; };
		915A9873161E0D8300AE7694 /* MobileCoreServices.framework */ = {isa = PBXFileReference; lastKnownFileType = wrapper.framework; name = MobileCoreServices.framework; path = System/Library/Frameworks/MobileCoreServices.framework; sourceTree = SDKROOT; };
		915A9875161E0D9400AE7694 /* libz.dylib */ = {isa = PBXFileReference; lastKnownFileType = "compiled.mach-o.dylib"; name = libz.dylib; path = usr/lib/libz.dylib; sourceTree = SDKROOT; };
		915D1C72160A599D0021D47D /* Default@2x.png */ = {isa = PBXFileReference; lastKnownFileType = image.png; name = "Default@2x.png"; path = "../Default@2x.png"; sourceTree = "<group>"; };
		915D1C76160A59EA0021D47D /* Default.png */ = {isa = PBXFileReference; lastKnownFileType = image.png; name = Default.png; path = ../Default.png; sourceTree = "<group>"; };
		915D1C7A160A5AB00021D47D /* Default-568h@2x.png */ = {isa = PBXFileReference; lastKnownFileType = image.png; name = "Default-568h@2x.png"; path = "../Default-568h@2x.png"; sourceTree = "<group>"; };
		9188F57115FCA04A00BF27BD /* SectionListViewController.h */ = {isa = PBXFileReference; fileEncoding = 4; lastKnownFileType = sourcecode.c.h; path = SectionListViewController.h; sourceTree = "<group>"; };
		9188F57215FCA04A00BF27BD /* SectionListViewController.m */ = {isa = PBXFileReference; fileEncoding = 4; lastKnownFileType = sourcecode.c.objc; path = SectionListViewController.m; sourceTree = "<group>"; };
		9188F5D215FCA89000BF27BD /* PPRevealSideViewController.h */ = {isa = PBXFileReference; fileEncoding = 4; lastKnownFileType = sourcecode.c.h; path = PPRevealSideViewController.h; sourceTree = "<group>"; };
		9188F5D315FCA89000BF27BD /* PPRevealSideViewController.m */ = {isa = PBXFileReference; fileEncoding = 4; lastKnownFileType = sourcecode.c.objc; path = PPRevealSideViewController.m; sourceTree = "<group>"; };
		9194197B162F46A1002A8847 /* Baccalaureat.png */ = {isa = PBXFileReference; lastKnownFileType = image.png; path = Baccalaureat.png; sourceTree = "<group>"; };
		9194197C162F46A1002A8847 /* Baccalaureat@2x.png */ = {isa = PBXFileReference; lastKnownFileType = image.png; path = "Baccalaureat@2x.png"; sourceTree = "<group>"; };
		9194197D162F46A1002A8847 /* Banque PT.png */ = {isa = PBXFileReference; lastKnownFileType = image.png; path = "Banque PT.png"; sourceTree = "<group>"; };
		9194197E162F46A1002A8847 /* Banque PT@2x.png */ = {isa = PBXFileReference; lastKnownFileType = image.png; path = "Banque PT@2x.png"; sourceTree = "<group>"; };
		9194197F162F46A1002A8847 /* CCP.png */ = {isa = PBXFileReference; lastKnownFileType = image.png; path = CCP.png; sourceTree = "<group>"; };
		91941980162F46A1002A8847 /* CCP@2x.png */ = {isa = PBXFileReference; lastKnownFileType = image.png; path = "CCP@2x.png"; sourceTree = "<group>"; };
		91941981162F46A1002A8847 /* Centrale-Supelec.png */ = {isa = PBXFileReference; lastKnownFileType = image.png; path = "Centrale-Supelec.png"; sourceTree = "<group>"; };
		91941982162F46A1002A8847 /* Centrale-Supelec@2x.png */ = {isa = PBXFileReference; lastKnownFileType = image.png; path = "Centrale-Supelec@2x.png"; sourceTree = "<group>"; };
		91941983162F46A1002A8847 /* Mines-Ponts.png */ = {isa = PBXFileReference; lastKnownFileType = image.png; path = "Mines-Ponts.png"; sourceTree = "<group>"; };
		91941984162F46A1002A8847 /* Mines-Ponts@2x.png */ = {isa = PBXFileReference; lastKnownFileType = image.png; path = "Mines-Ponts@2x.png"; sourceTree = "<group>"; };
		91973C3F162A252300FBF516 /* ListeConcoursViewController.h */ = {isa = PBXFileReference; fileEncoding = 4; lastKnownFileType = sourcecode.c.h; path = ListeConcoursViewController.h; sourceTree = "<group>"; };
		91973C40162A252300FBF516 /* ListeConcoursViewController.m */ = {isa = PBXFileReference; fileEncoding = 4; lastKnownFileType = sourcecode.c.objc; path = ListeConcoursViewController.m; sourceTree = "<group>"; };
		91973C41162A252300FBF516 /* ListeConcoursViewController.xib */ = {isa = PBXFileReference; fileEncoding = 4; lastKnownFileType = file.xib; path = ListeConcoursViewController.xib; sourceTree = "<group>"; };
		91B717BF16203D44008485A1 /* MBProgressHUD.h */ = {isa = PBXFileReference; fileEncoding = 4; lastKnownFileType = sourcecode.c.h; path = MBProgressHUD.h; sourceTree = "<group>"; };
		91B717C016203D44008485A1 /* MBProgressHUD.m */ = {isa = PBXFileReference; fileEncoding = 4; lastKnownFileType = sourcecode.c.objc; path = MBProgressHUD.m; sourceTree = "<group>"; };
		91C89A33165706B100E0E6CA /* Twitter.framework */ = {isa = PBXFileReference; lastKnownFileType = wrapper.framework; name = Twitter.framework; path = System/Library/Frameworks/Twitter.framework; sourceTree = SDKROOT; };
		91C89A3616570A1A00E0E6CA /* fr */ = {isa = PBXFileReference; lastKnownFileType = file.xib; name = fr; path = fr.lproj/FirstViewController_iPhone.xib; sourceTree = "<group>"; };
		91C89A3716570A1A00E0E6CA /* fr */ = {isa = PBXFileReference; lastKnownFileType = file.xib; name = fr; path = fr.lproj/FirstViewController_iPad.xib; sourceTree = "<group>"; };
		91C89A3816570A1A00E0E6CA /* fr */ = {isa = PBXFileReference; lastKnownFileType = file.xib; name = fr; path = fr.lproj/SecondViewController_iPhone.xib; sourceTree = "<group>"; };
		91C89A3916570A1A00E0E6CA /* fr */ = {isa = PBXFileReference; lastKnownFileType = file.xib; name = fr; path = fr.lproj/SecondViewController_iPad.xib; sourceTree = "<group>"; };
		91C89A3A16570A1A00E0E6CA /* fr */ = {isa = PBXFileReference; lastKnownFileType = text.plist.strings; name = fr; path = fr.lproj/InfoPlist.strings; sourceTree = "<group>"; };
		91C89A3D16570BAB00E0E6CA /* Social.framework */ = {isa = PBXFileReference; lastKnownFileType = wrapper.framework; name = Social.framework; path = System/Library/Frameworks/Social.framework; sourceTree = SDKROOT; };
		91C9126016165E6E00EE51E8 /* ActuDetailViewController.h */ = {isa = PBXFileReference; fileEncoding = 4; lastKnownFileType = sourcecode.c.h; path = ActuDetailViewController.h; sourceTree = "<group>"; };
		91C9126116165E6E00EE51E8 /* ActuDetailViewController.m */ = {isa = PBXFileReference; fileEncoding = 4; lastKnownFileType = sourcecode.c.objc; path = ActuDetailViewController.m; sourceTree = "<group>"; };
		91C9126216165E6E00EE51E8 /* ActuDetailViewController.xib */ = {isa = PBXFileReference; fileEncoding = 4; lastKnownFileType = file.xib; path = ActuDetailViewController.xib; sourceTree = "<group>"; };
		91C9127A16166EF100EE51E8 /* ContentPageSujetViewController.h */ = {isa = PBXFileReference; fileEncoding = 4; lastKnownFileType = sourcecode.c.h; path = ContentPageSujetViewController.h; sourceTree = "<group>"; };
		91C9127B16166EF100EE51E8 /* ContentPageSujetViewController.m */ = {isa = PBXFileReference; fileEncoding = 4; lastKnownFileType = sourcecode.c.objc; path = ContentPageSujetViewController.m; sourceTree = "<group>"; };
		91C9127C16166EF100EE51E8 /* ContentPageSujetViewController.xib */ = {isa = PBXFileReference; fileEncoding = 4; lastKnownFileType = file.xib; path = ContentPageSujetViewController.xib; sourceTree = "<group>"; };
		91C91283161676BF00EE51E8 /* PageSujetViewController.h */ = {isa = PBXFileReference; fileEncoding = 4; lastKnownFileType = sourcecode.c.h; path = PageSujetViewController.h; sourceTree = "<group>"; };
		91C91284161676BF00EE51E8 /* PageSujetViewController.m */ = {isa = PBXFileReference; fileEncoding = 4; lastKnownFileType = sourcecode.c.objc; path = PageSujetViewController.m; sourceTree = "<group>"; };
		91C91285161676BF00EE51E8 /* PageSujetViewController.xib */ = {isa = PBXFileReference; fileEncoding = 4; lastKnownFileType = file.xib; path = PageSujetViewController.xib; sourceTree = "<group>"; };
		91D8C3A815FC028800FB33B0 /* ActuViewController.h */ = {isa = PBXFileReference; fileEncoding = 4; lastKnownFileType = sourcecode.c.h; path = ActuViewController.h; sourceTree = "<group>"; };
		91D8C3A915FC028800FB33B0 /* ActuViewController.m */ = {isa = PBXFileReference; fileEncoding = 4; lastKnownFileType = sourcecode.c.objc; path = ActuViewController.m; sourceTree = "<group>"; };
		91D8C3B015FC0C5200FB33B0 /* ActuCell.h */ = {isa = PBXFileReference; fileEncoding = 4; lastKnownFileType = sourcecode.c.h; path = ActuCell.h; sourceTree = "<group>"; };
		91D8C3B115FC0C5200FB33B0 /* ActuCell.m */ = {isa = PBXFileReference; fileEncoding = 4; lastKnownFileType = sourcecode.c.objc; path = ActuCell.m; sourceTree = "<group>"; };
		91D8C3DE15FC1C5F00FB33B0 /* QuartzCore.framework */ = {isa = PBXFileReference; lastKnownFileType = wrapper.framework; name = QuartzCore.framework; path = System/Library/Frameworks/QuartzCore.framework; sourceTree = SDKROOT; };
		91E1ADD3161CD1D5000BAE94 /* XMLParser.h */ = {isa = PBXFileReference; fileEncoding = 4; lastKnownFileType = sourcecode.c.h; path = XMLParser.h; sourceTree = "<group>"; };
		91E1ADD4161CD1D5000BAE94 /* XMLParser.m */ = {isa = PBXFileReference; fileEncoding = 4; lastKnownFileType = sourcecode.c.objc; path = XMLParser.m; sourceTree = "<group>"; };
		91EB6A9E15E4ED750036B5D2 /* SetC : SujetsetCorriges.app */ = {isa = PBXFileReference; explicitFileType = wrapper.application; includeInIndex = 0; path = "SetC : SujetsetCorriges.app"; sourceTree = BUILT_PRODUCTS_DIR; };
		91EB6AA215E4ED750036B5D2 /* UIKit.framework */ = {isa = PBXFileReference; lastKnownFileType = wrapper.framework; name = UIKit.framework; path = System/Library/Frameworks/UIKit.framework; sourceTree = SDKROOT; };
		91EB6AA415E4ED750036B5D2 /* Foundation.framework */ = {isa = PBXFileReference; lastKnownFileType = wrapper.framework; name = Foundation.framework; path = System/Library/Frameworks/Foundation.framework; sourceTree = SDKROOT; };
		91EB6AA615E4ED750036B5D2 /* CoreGraphics.framework */ = {isa = PBXFileReference; lastKnownFileType = wrapper.framework; name = CoreGraphics.framework; path = System/Library/Frameworks/CoreGraphics.framework; sourceTree = SDKROOT; };
		91EB6AAA15E4ED750036B5D2 /* SetC : SujetsetCorriges-Info.plist */ = {isa = PBXFileReference; lastKnownFileType = text.plist.xml; path = "SetC : SujetsetCorriges-Info.plist"; sourceTree = "<group>"; };
		91EB6AAC15E4ED750036B5D2 /* en */ = {isa = PBXFileReference; lastKnownFileType = text.plist.strings; name = en; path = en.lproj/InfoPlist.strings; sourceTree = "<group>"; };
		91EB6AAE15E4ED750036B5D2 /* main.m */ = {isa = PBXFileReference; lastKnownFileType = sourcecode.c.objc; path = main.m; sourceTree = "<group>"; };
		91EB6AB015E4ED750036B5D2 /* SetC : SujetsetCorriges-Prefix.pch */ = {isa = PBXFileReference; lastKnownFileType = sourcecode.c.h; path = "SetC : SujetsetCorriges-Prefix.pch"; sourceTree = "<group>"; };
		91EB6AB115E4ED750036B5D2 /* AppDelegate.h */ = {isa = PBXFileReference; lastKnownFileType = sourcecode.c.h; path = AppDelegate.h; sourceTree = "<group>"; };
		91EB6AB215E4ED750036B5D2 /* AppDelegate.m */ = {isa = PBXFileReference; lastKnownFileType = sourcecode.c.objc; path = AppDelegate.m; sourceTree = "<group>"; };
		91EB6AB415E4ED750036B5D2 /* FirstViewController.h */ = {isa = PBXFileReference; lastKnownFileType = sourcecode.c.h; path = FirstViewController.h; sourceTree = "<group>"; };
		91EB6AB515E4ED750036B5D2 /* FirstViewController.m */ = {isa = PBXFileReference; lastKnownFileType = sourcecode.c.objc; path = FirstViewController.m; sourceTree = "<group>"; };
		91EB6AB715E4ED750036B5D2 /* first.png */ = {isa = PBXFileReference; lastKnownFileType = image.png; path = first.png; sourceTree = "<group>"; };
		91EB6AB915E4ED750036B5D2 /* first@2x.png */ = {isa = PBXFileReference; lastKnownFileType = image.png; path = "first@2x.png"; sourceTree = "<group>"; };
		91EB6ABB15E4ED750036B5D2 /* SecondViewController.h */ = {isa = PBXFileReference; lastKnownFileType = sourcecode.c.h; path = SecondViewController.h; sourceTree = "<group>"; };
		91EB6ABC15E4ED750036B5D2 /* SecondViewController.m */ = {isa = PBXFileReference; lastKnownFileType = sourcecode.c.objc; path = SecondViewController.m; sourceTree = "<group>"; };
		91EB6ABE15E4ED750036B5D2 /* second.png */ = {isa = PBXFileReference; lastKnownFileType = image.png; path = second.png; sourceTree = "<group>"; };
		91EB6AC015E4ED750036B5D2 /* second@2x.png */ = {isa = PBXFileReference; lastKnownFileType = image.png; path = "second@2x.png"; sourceTree = "<group>"; };
		91EB6AC315E4ED750036B5D2 /* en */ = {isa = PBXFileReference; lastKnownFileType = file.xib; name = en; path = en.lproj/FirstViewController_iPhone.xib; sourceTree = "<group>"; };
		91EB6AC615E4ED750036B5D2 /* en */ = {isa = PBXFileReference; lastKnownFileType = file.xib; name = en; path = en.lproj/FirstViewController_iPad.xib; sourceTree = "<group>"; };
		91EB6AC915E4ED750036B5D2 /* en */ = {isa = PBXFileReference; lastKnownFileType = file.xib; name = en; path = en.lproj/SecondViewController_iPhone.xib; sourceTree = "<group>"; };
		91EB6ACC15E4ED750036B5D2 /* en */ = {isa = PBXFileReference; lastKnownFileType = file.xib; name = en; path = en.lproj/SecondViewController_iPad.xib; sourceTree = "<group>"; };
/* End PBXFileReference section */

/* Begin PBXFrameworksBuildPhase section */
		915A983E161E0C1B00AE7694 /* Frameworks */ = {
			isa = PBXFrameworksBuildPhase;
			buildActionMask = 2147483647;
			files = (
				915A9842161E0C1B00AE7694 /* Foundation.framework in Frameworks */,
			);
			runOnlyForDeploymentPostprocessing = 0;
		};
		91EB6A9B15E4ED750036B5D2 /* Frameworks */ = {
			isa = PBXFrameworksBuildPhase;
			buildActionMask = 2147483647;
			files = (
				91C89A3E16570BAB00E0E6CA /* Social.framework in Frameworks */,
				91C89A34165706B100E0E6CA /* Twitter.framework in Frameworks */,
				915A9876161E0D9400AE7694 /* libz.dylib in Frameworks */,
				915A9874161E0D8300AE7694 /* MobileCoreServices.framework in Frameworks */,
				915A9872161E0D7C00AE7694 /* SystemConfiguration.framework in Frameworks */,
				915A9870161E0D5000AE7694 /* CFNetwork.framework in Frameworks */,
				9188F57515FCA58900BF27BD /* QuartzCore.framework in Frameworks */,
				91EB6AA315E4ED750036B5D2 /* UIKit.framework in Frameworks */,
				91EB6AA515E4ED750036B5D2 /* Foundation.framework in Frameworks */,
				91EB6AA715E4ED750036B5D2 /* CoreGraphics.framework in Frameworks */,
				915A986E161E0D1F00AE7694 /* liblib-asihttp.a in Frameworks */,
			);
			runOnlyForDeploymentPostprocessing = 0;
		};
/* End PBXFrameworksBuildPhase section */

/* Begin PBXGroup section */
		912B2126160F1BDA001E5C06 /* PullToRefresh */ = {
			isa = PBXGroup;
			children = (
				912B2128160F1BFA001E5C06 /* arrow.png */,
				912B2129160F1BFA001E5C06 /* arrow@2x.png */,
				912B212A160F1BFA001E5C06 /* PullToRefreshView.h */,
				912B212B160F1BFA001E5C06 /* PullToRefreshView.m */,
			);
			name = PullToRefresh;
			sourceTree = "<group>";
		};
		915A9843161E0C1B00AE7694 /* lib-asihttp */ = {
			isa = PBXGroup;
			children = (
				915A986A161E0C9F00AE7694 /* Reachability */,
				915A984D161E0C8300AE7694 /* ASIHTTPRequest */,
				915A9846161E0C1B00AE7694 /* lib_asihttp.h */,
				915A9848161E0C1B00AE7694 /* lib_asihttp.m */,
				915A9844161E0C1B00AE7694 /* Supporting Files */,
			);
			path = "lib-asihttp";
			sourceTree = "<group>";
		};
		915A9844161E0C1B00AE7694 /* Supporting Files */ = {
			isa = PBXGroup;
			children = (
				915A9845161E0C1B00AE7694 /* lib-asihttp-Prefix.pch */,
			);
			name = "Supporting Files";
			sourceTree = "<group>";
		};
		915A984D161E0C8300AE7694 /* ASIHTTPRequest */ = {
			isa = PBXGroup;
			children = (
				915A984E161E0C9B00AE7694 /* ASIAuthenticationDialog.h */,
				915A984F161E0C9B00AE7694 /* ASIAuthenticationDialog.m */,
				915A9850161E0C9B00AE7694 /* ASICacheDelegate.h */,
				915A9851161E0C9B00AE7694 /* ASIDataCompressor.h */,
				915A9852161E0C9B00AE7694 /* ASIDataCompressor.m */,
				915A9853161E0C9B00AE7694 /* ASIDataDecompressor.h */,
				915A9854161E0C9B00AE7694 /* ASIDataDecompressor.m */,
				915A9855161E0C9B00AE7694 /* ASIDownloadCache.h */,
				915A9856161E0C9B00AE7694 /* ASIDownloadCache.m */,
				915A9857161E0C9B00AE7694 /* ASIFormDataRequest.h */,
				915A9858161E0C9B00AE7694 /* ASIFormDataRequest.m */,
				915A9859161E0C9B00AE7694 /* ASIHTTPRequest.h */,
				915A985A161E0C9B00AE7694 /* ASIHTTPRequest.m */,
				915A985B161E0C9B00AE7694 /* ASIHTTPRequestConfig.h */,
				915A985C161E0C9B00AE7694 /* ASIHTTPRequestDelegate.h */,
				915A985D161E0C9B00AE7694 /* ASIInputStream.h */,
				915A985E161E0C9B00AE7694 /* ASIInputStream.m */,
				915A985F161E0C9B00AE7694 /* ASINetworkQueue.h */,
				915A9860161E0C9B00AE7694 /* ASINetworkQueue.m */,
				915A9861161E0C9B00AE7694 /* ASIProgressDelegate.h */,
			);
			name = ASIHTTPRequest;
			sourceTree = "<group>";
		};
		915A986A161E0C9F00AE7694 /* Reachability */ = {
			isa = PBXGroup;
			children = (
				915A986B161E0CBA00AE7694 /* Reachability.h */,
				915A986C161E0CBA00AE7694 /* Reachability.m */,
			);
			name = Reachability;
			sourceTree = "<group>";
		};
		915D1C71160A597B0021D47D /* Images */ = {
			isa = PBXGroup;
			children = (
				9194197B162F46A1002A8847 /* Baccalaureat.png */,
				9194197C162F46A1002A8847 /* Baccalaureat@2x.png */,
				9194197D162F46A1002A8847 /* Banque PT.png */,
				9194197E162F46A1002A8847 /* Banque PT@2x.png */,
				9194197F162F46A1002A8847 /* CCP.png */,
				91941980162F46A1002A8847 /* CCP@2x.png */,
				91941981162F46A1002A8847 /* Centrale-Supelec.png */,
				91941982162F46A1002A8847 /* Centrale-Supelec@2x.png */,
				91941983162F46A1002A8847 /* Mines-Ponts.png */,
				91941984162F46A1002A8847 /* Mines-Ponts@2x.png */,
				915D1C72160A599D0021D47D /* Default@2x.png */,
				915D1C7A160A5AB00021D47D /* Default-568h@2x.png */,
				915D1C76160A59EA0021D47D /* Default.png */,
				912A4A6916111A0A007BFF42 /* Icone114.png */,
				912A4A6716111A00007BFF42 /* Icone57.png */,
			);
			name = Images;
			sourceTree = "<group>";
		};
		9188F5D515FCA89500BF27BD /* PPRevealSideViewController */ = {
			isa = PBXGroup;
			children = (
				9188F5D215FCA89000BF27BD /* PPRevealSideViewController.h */,
				9188F5D315FCA89000BF27BD /* PPRevealSideViewController.m */,
			);
			name = PPRevealSideViewController;
			sourceTree = "<group>";
		};
		91973C3D162A24B200FBF516 /* Simulateurs */ = {
			isa = PBXGroup;
			children = (
				91973C3F162A252300FBF516 /* ListeConcoursViewController.h */,
				91973C40162A252300FBF516 /* ListeConcoursViewController.m */,
				91973C41162A252300FBF516 /* ListeConcoursViewController.xib */,
			);
			name = Simulateurs;
			sourceTree = "<group>";
		};
		91B717BE16203D37008485A1 /* MBProgressHUD */ = {
			isa = PBXGroup;
			children = (
				91B717BF16203D44008485A1 /* MBProgressHUD.h */,
				91B717C016203D44008485A1 /* MBProgressHUD.m */,
			);
			name = MBProgressHUD;
			sourceTree = "<group>";
		};
		91D8C3B315FC0C5D00FB33B0 /* Actualite */ = {
			isa = PBXGroup;
			children = (
				91C9126016165E6E00EE51E8 /* ActuDetailViewController.h */,
				91C9126116165E6E00EE51E8 /* ActuDetailViewController.m */,
				91C9126216165E6E00EE51E8 /* ActuDetailViewController.xib */,
				91D8C3A815FC028800FB33B0 /* ActuViewController.h */,
				91D8C3A915FC028800FB33B0 /* ActuViewController.m */,
				91D8C3B015FC0C5200FB33B0 /* ActuCell.h */,
				91D8C3B115FC0C5200FB33B0 /* ActuCell.m */,
				3FF2EA3B160FBAB600CDE3C5 /* CommentsViewController.h */,
				3FF2EA3C160FBAB600CDE3C5 /* CommentsViewController.m */,
				3FF2EA3D160FBAB600CDE3C5 /* CommentsViewController.xib */,
				3FE21DCB161109CF0058E82F /* CommentCell.h */,
				3FE21DCC161109CF0058E82F /* CommentCell.m */,
				3FB752931633526C00F55F74 /* RedactionCommentViewController.h */,
				3FB752941633526C00F55F74 /* RedactionCommentViewController.m */,
				3FB752951633526C00F55F74 /* RedactionCommentViewController.xib */,
				3FCCBADC161B94DA005FBEC2 /* PartageViewController.h */,
				3FCCBADD161B94DA005FBEC2 /* PartageViewController.m */,
				3FCCBADE161B94DA005FBEC2 /* PartageViewController.xib */,
			);
			name = Actualite;
			sourceTree = "<group>";
		};
		91D8C3E415FC1D9B00FB33B0 /* Sujets et Corriges */ = {
			isa = PBXGroup;
			children = (
				91C9127A16166EF100EE51E8 /* ContentPageSujetViewController.h */,
				91C9127B16166EF100EE51E8 /* ContentPageSujetViewController.m */,
				91C9127C16166EF100EE51E8 /* ContentPageSujetViewController.xib */,
				91C91283161676BF00EE51E8 /* PageSujetViewController.h */,
				91C91284161676BF00EE51E8 /* PageSujetViewController.m */,
				91C91285161676BF00EE51E8 /* PageSujetViewController.xib */,
				9188F57115FCA04A00BF27BD /* SectionListViewController.h */,
				9188F57215FCA04A00BF27BD /* SectionListViewController.m */,
				3F922EDB165988ED005CA77E /* DetailEpreuveViewController.h */,
				3F922EDC165988ED005CA77E /* DetailEpreuveViewController.m */,
				3F922EDD165988ED005CA77E /* DetailEpreuveViewController.xib */,
			);
			name = "Sujets et Corriges";
			sourceTree = "<group>";
		};
		91E1ADD7161CD242000BAE94 /* SCParser */ = {
			isa = PBXGroup;
			children = (
				91E1ADD3161CD1D5000BAE94 /* XMLParser.h */,
				91E1ADD4161CD1D5000BAE94 /* XMLParser.m */,
			);
			name = SCParser;
			path = ..;
			sourceTree = "<group>";
		};
		91EB6A9315E4ED750036B5D2 = {
			isa = PBXGroup;
			children = (
				91EB6AA815E4ED750036B5D2 /* SetC : SujetsetCorriges */,
				915A9843161E0C1B00AE7694 /* lib-asihttp */,
				91EB6AA115E4ED750036B5D2 /* Frameworks */,
				91EB6A9F15E4ED750036B5D2 /* Products */,
			);
			sourceTree = "<group>";
		};
		91EB6A9F15E4ED750036B5D2 /* Products */ = {
			isa = PBXGroup;
			children = (
				91EB6A9E15E4ED750036B5D2 /* SetC : SujetsetCorriges.app */,
				915A9841161E0C1B00AE7694 /* liblib-asihttp.a */,
			);
			name = Products;
			sourceTree = "<group>";
		};
		91EB6AA115E4ED750036B5D2 /* Frameworks */ = {
			isa = PBXGroup;
			children = (
				915A9875161E0D9400AE7694 /* libz.dylib */,
				91C89A3D16570BAB00E0E6CA /* Social.framework */,
				91C89A33165706B100E0E6CA /* Twitter.framework */,
				915A9873161E0D8300AE7694 /* MobileCoreServices.framework */,
				915A9871161E0D7C00AE7694 /* SystemConfiguration.framework */,
				915A986F161E0D5000AE7694 /* CFNetwork.framework */,
				91D8C3DE15FC1C5F00FB33B0 /* QuartzCore.framework */,
				91EB6AA215E4ED750036B5D2 /* UIKit.framework */,
				91EB6AA415E4ED750036B5D2 /* Foundation.framework */,
				91EB6AA615E4ED750036B5D2 /* CoreGraphics.framework */,
			);
			name = Frameworks;
			sourceTree = "<group>";
		};
		91EB6AA815E4ED750036B5D2 /* SetC : SujetsetCorriges */ = {
			isa = PBXGroup;
			children = (
				91D8C3B315FC0C5D00FB33B0 /* Actualite */,
				91D8C3E415FC1D9B00FB33B0 /* Sujets et Corriges */,
				91973C3D162A24B200FBF516 /* Simulateurs */,
				9188F5D515FCA89500BF27BD /* PPRevealSideViewController */,
				91E1ADD7161CD242000BAE94 /* SCParser */,
				915D1C71160A597B0021D47D /* Images */,
				912B2126160F1BDA001E5C06 /* PullToRefresh */,
				91B717BE16203D37008485A1 /* MBProgressHUD */,
				91EB6AB115E4ED750036B5D2 /* AppDelegate.h */,
				91EB6AB215E4ED750036B5D2 /* AppDelegate.m */,
				91EB6AB415E4ED750036B5D2 /* FirstViewController.h */,
				91EB6AB515E4ED750036B5D2 /* FirstViewController.m */,
				91EB6AB715E4ED750036B5D2 /* first.png */,
				91EB6AB915E4ED750036B5D2 /* first@2x.png */,
				91EB6ABB15E4ED750036B5D2 /* SecondViewController.h */,
				91EB6ABC15E4ED750036B5D2 /* SecondViewController.m */,
				91EB6ABE15E4ED750036B5D2 /* second.png */,
				91EB6AC015E4ED750036B5D2 /* second@2x.png */,
				91EB6AC215E4ED750036B5D2 /* FirstViewController_iPhone.xib */,
				91EB6AC515E4ED750036B5D2 /* FirstViewController_iPad.xib */,
				91EB6AC815E4ED750036B5D2 /* SecondViewController_iPhone.xib */,
				91EB6ACB15E4ED750036B5D2 /* SecondViewController_iPad.xib */,
				91EB6AA915E4ED750036B5D2 /* Supporting Files */,
			);
			path = "SetC : SujetsetCorriges";
			sourceTree = "<group>";
		};
		91EB6AA915E4ED750036B5D2 /* Supporting Files */ = {
			isa = PBXGroup;
			children = (
				91EB6AAA15E4ED750036B5D2 /* SetC : SujetsetCorriges-Info.plist */,
				91EB6AAB15E4ED750036B5D2 /* InfoPlist.strings */,
				91EB6AAE15E4ED750036B5D2 /* main.m */,
				91EB6AB015E4ED750036B5D2 /* SetC : SujetsetCorriges-Prefix.pch */,
			);
			name = "Supporting Files";
			sourceTree = "<group>";
		};
/* End PBXGroup section */

/* Begin PBXNativeTarget section */
		915A9840161E0C1B00AE7694 /* lib-asihttp */ = {
			isa = PBXNativeTarget;
			buildConfigurationList = 915A984A161E0C1B00AE7694 /* Build configuration list for PBXNativeTarget "lib-asihttp" */;
			buildPhases = (
				915A983D161E0C1B00AE7694 /* Sources */,
				915A983E161E0C1B00AE7694 /* Frameworks */,
				915A983F161E0C1B00AE7694 /* CopyFiles */,
			);
			buildRules = (
			);
			dependencies = (
			);
			name = "lib-asihttp";
			productName = "lib-asihttp";
			productReference = 915A9841161E0C1B00AE7694 /* liblib-asihttp.a */;
			productType = "com.apple.product-type.library.static";
		};
		91EB6A9D15E4ED750036B5D2 /* SetC : SujetsetCorriges */ = {
			isa = PBXNativeTarget;
			buildConfigurationList = 91EB6AD015E4ED750036B5D2 /* Build configuration list for PBXNativeTarget "SetC : SujetsetCorriges" */;
			buildPhases = (
				91EB6A9A15E4ED750036B5D2 /* Sources */,
				91EB6A9B15E4ED750036B5D2 /* Frameworks */,
				91EB6A9C15E4ED750036B5D2 /* Resources */,
			);
			buildRules = (
			);
			dependencies = (
			);
			name = "SetC : SujetsetCorriges";
			productName = "SetC : SujetsetCorriges";
			productReference = 91EB6A9E15E4ED750036B5D2 /* SetC : SujetsetCorriges.app */;
			productType = "com.apple.product-type.application";
		};
/* End PBXNativeTarget section */

/* Begin PBXProject section */
		91EB6A9515E4ED750036B5D2 /* Project object */ = {
			isa = PBXProject;
			attributes = {
				LastUpgradeCheck = 0440;
				ORGANIZATIONNAME = "Mestiri Hedi";
			};
			buildConfigurationList = 91EB6A9815E4ED750036B5D2 /* Build configuration list for PBXProject "SetC : SujetsetCorriges" */;
			compatibilityVersion = "Xcode 3.2";
			developmentRegion = English;
			hasScannedForEncodings = 0;
			knownRegions = (
				en,
				fr,
			);
			mainGroup = 91EB6A9315E4ED750036B5D2;
			productRefGroup = 91EB6A9F15E4ED750036B5D2 /* Products */;
			projectDirPath = "";
			projectRoot = "";
			targets = (
				91EB6A9D15E4ED750036B5D2 /* SetC : SujetsetCorriges */,
				915A9840161E0C1B00AE7694 /* lib-asihttp */,
			);
		};
/* End PBXProject section */

/* Begin PBXResourcesBuildPhase section */
		91EB6A9C15E4ED750036B5D2 /* Resources */ = {
			isa = PBXResourcesBuildPhase;
			buildActionMask = 2147483647;
			files = (
				91EB6AAD15E4ED750036B5D2 /* InfoPlist.strings in Resources */,
				91EB6AB815E4ED750036B5D2 /* first.png in Resources */,
				91EB6ABA15E4ED750036B5D2 /* first@2x.png in Resources */,
				91EB6ABF15E4ED750036B5D2 /* second.png in Resources */,
				91EB6AC115E4ED750036B5D2 /* second@2x.png in Resources */,
				91EB6AC415E4ED750036B5D2 /* FirstViewController_iPhone.xib in Resources */,
				91EB6AC715E4ED750036B5D2 /* FirstViewController_iPad.xib in Resources */,
				91EB6ACA15E4ED750036B5D2 /* SecondViewController_iPhone.xib in Resources */,
				91EB6ACD15E4ED750036B5D2 /* SecondViewController_iPad.xib in Resources */,
				915D1C73160A599D0021D47D /* Default@2x.png in Resources */,
				915D1C77160A59EA0021D47D /* Default.png in Resources */,
				915D1C7B160A5AB00021D47D /* Default-568h@2x.png in Resources */,
				3FF2EA3F160FBAB600CDE3C5 /* CommentsViewController.xib in Resources */,
				912A4A6816111A00007BFF42 /* Icone57.png in Resources */,
				912A4A6A16111A0A007BFF42 /* Icone114.png in Resources */,
				91C9126416165E6E00EE51E8 /* ActuDetailViewController.xib in Resources */,
				91C9127E16166EF100EE51E8 /* ContentPageSujetViewController.xib in Resources */,
				91C91287161676BF00EE51E8 /* PageSujetViewController.xib in Resources */,
				3FCCBAE0161B94DA005FBEC2 /* PartageViewController.xib in Resources */,
				91973C43162A252300FBF516 /* ListeConcoursViewController.xib in Resources */,
				91941985162F46A1002A8847 /* Baccalaureat.png in Resources */,
				91941986162F46A1002A8847 /* Baccalaureat@2x.png in Resources */,
				91941987162F46A1002A8847 /* Banque PT.png in Resources */,
				91941988162F46A1002A8847 /* Banque PT@2x.png in Resources */,
				91941989162F46A1002A8847 /* CCP.png in Resources */,
				9194198A162F46A1002A8847 /* CCP@2x.png in Resources */,
				9194198B162F46A1002A8847 /* Centrale-Supelec.png in Resources */,
				9194198C162F46A1002A8847 /* Centrale-Supelec@2x.png in Resources */,
				9194198D162F46A1002A8847 /* Mines-Ponts.png in Resources */,
				9194198E162F46A1002A8847 /* Mines-Ponts@2x.png in Resources */,
				3FB752971633526C00F55F74 /* RedactionCommentViewController.xib in Resources */,
				3F922EDF165988ED005CA77E /* DetailEpreuveViewController.xib in Resources */,
			);
			runOnlyForDeploymentPostprocessing = 0;
		};
/* End PBXResourcesBuildPhase section */

/* Begin PBXSourcesBuildPhase section */
		915A983D161E0C1B00AE7694 /* Sources */ = {
			isa = PBXSourcesBuildPhase;
			buildActionMask = 2147483647;
			files = (
				915A9849161E0C1B00AE7694 /* lib_asihttp.m in Sources */,
				915A9862161E0C9B00AE7694 /* ASIAuthenticationDialog.m in Sources */,
				915A9863161E0C9B00AE7694 /* ASIDataCompressor.m in Sources */,
				915A9864161E0C9B00AE7694 /* ASIDataDecompressor.m in Sources */,
				915A9865161E0C9B00AE7694 /* ASIDownloadCache.m in Sources */,
				915A9866161E0C9B00AE7694 /* ASIFormDataRequest.m in Sources */,
				915A9867161E0C9B00AE7694 /* ASIHTTPRequest.m in Sources */,
				915A9868161E0C9B00AE7694 /* ASIInputStream.m in Sources */,
				915A9869161E0C9B00AE7694 /* ASINetworkQueue.m in Sources */,
				915A986D161E0CBA00AE7694 /* Reachability.m in Sources */,
			);
			runOnlyForDeploymentPostprocessing = 0;
		};
		91EB6A9A15E4ED750036B5D2 /* Sources */ = {
			isa = PBXSourcesBuildPhase;
			buildActionMask = 2147483647;
			files = (
				91EB6AAF15E4ED750036B5D2 /* main.m in Sources */,
				91EB6AB315E4ED750036B5D2 /* AppDelegate.m in Sources */,
				91EB6AB615E4ED750036B5D2 /* FirstViewController.m in Sources */,
				91EB6ABD15E4ED750036B5D2 /* SecondViewController.m in Sources */,
				91D8C3AA15FC028800FB33B0 /* ActuViewController.m in Sources */,
				91D8C3B215FC0C5200FB33B0 /* ActuCell.m in Sources */,
				9188F57315FCA04A00BF27BD /* SectionListViewController.m in Sources */,
				9188F5D415FCA89000BF27BD /* PPRevealSideViewController.m in Sources */,
				912B212C160F1C08001E5C06 /* PullToRefreshView.m in Sources */,
				3FF2EA3E160FBAB600CDE3C5 /* CommentsViewController.m in Sources */,
				3FE21DCD161109CF0058E82F /* CommentCell.m in Sources */,
				91C9126316165E6E00EE51E8 /* ActuDetailViewController.m in Sources */,
				91C9127D16166EF100EE51E8 /* ContentPageSujetViewController.m in Sources */,
				91C91286161676BF00EE51E8 /* PageSujetViewController.m in Sources */,
				3FCCBADF161B94DA005FBEC2 /* PartageViewController.m in Sources */,
				91E1ADD5161CD1D5000BAE94 /* XMLParser.m in Sources */,
				91B717C116203D44008485A1 /* MBProgressHUD.m in Sources */,
				91973C42162A252300FBF516 /* ListeConcoursViewController.m in Sources */,
				3FB752961633526C00F55F74 /* RedactionCommentViewController.m in Sources */,
				3F922EDE165988ED005CA77E /* DetailEpreuveViewController.m in Sources */,
			);
			runOnlyForDeploymentPostprocessing = 0;
		};
/* End PBXSourcesBuildPhase section */

/* Begin PBXVariantGroup section */
		91EB6AAB15E4ED750036B5D2 /* InfoPlist.strings */ = {
			isa = PBXVariantGroup;
			children = (
				91EB6AAC15E4ED750036B5D2 /* en */,
				91C89A3A16570A1A00E0E6CA /* fr */,
			);
			name = InfoPlist.strings;
			sourceTree = "<group>";
		};
		91EB6AC215E4ED750036B5D2 /* FirstViewController_iPhone.xib */ = {
			isa = PBXVariantGroup;
			children = (
				91EB6AC315E4ED750036B5D2 /* en */,
				91C89A3616570A1A00E0E6CA /* fr */,
			);
			name = FirstViewController_iPhone.xib;
			sourceTree = "<group>";
		};
		91EB6AC515E4ED750036B5D2 /* FirstViewController_iPad.xib */ = {
			isa = PBXVariantGroup;
			children = (
				91EB6AC615E4ED750036B5D2 /* en */,
				91C89A3716570A1A00E0E6CA /* fr */,
			);
			name = FirstViewController_iPad.xib;
			sourceTree = "<group>";
		};
		91EB6AC815E4ED750036B5D2 /* SecondViewController_iPhone.xib */ = {
			isa = PBXVariantGroup;
			children = (
				91EB6AC915E4ED750036B5D2 /* en */,
				91C89A3816570A1A00E0E6CA /* fr */,
			);
			name = SecondViewController_iPhone.xib;
			sourceTree = "<group>";
		};
		91EB6ACB15E4ED750036B5D2 /* SecondViewController_iPad.xib */ = {
			isa = PBXVariantGroup;
			children = (
				91EB6ACC15E4ED750036B5D2 /* en */,
				91C89A3916570A1A00E0E6CA /* fr */,
			);
			name = SecondViewController_iPad.xib;
			sourceTree = "<group>";
		};
/* End PBXVariantGroup section */

/* Begin XCBuildConfiguration section */
		915A984B161E0C1B00AE7694 /* Debug */ = {
			isa = XCBuildConfiguration;
			buildSettings = {
				CLANG_CXX_LIBRARY = "libc++";
				CLANG_WARN_EMPTY_BODY = YES;
				DSTROOT = /tmp/lib_asihttp.dst;
				GCC_PRECOMPILE_PREFIX_HEADER = YES;
				GCC_PREFIX_HEADER = "lib-asihttp/lib-asihttp-Prefix.pch";
				IPHONEOS_DEPLOYMENT_TARGET = 5.1;
				ONLY_ACTIVE_ARCH = NO;
				OTHER_LDFLAGS = "";
				PRODUCT_NAME = "$(TARGET_NAME)";
				SKIP_INSTALL = YES;
			};
			name = Debug;
		};
		915A984C161E0C1B00AE7694 /* Release */ = {
			isa = XCBuildConfiguration;
			buildSettings = {
				CLANG_CXX_LIBRARY = "libc++";
				CLANG_WARN_EMPTY_BODY = YES;
				DSTROOT = /tmp/lib_asihttp.dst;
				GCC_PRECOMPILE_PREFIX_HEADER = YES;
				GCC_PREFIX_HEADER = "lib-asihttp/lib-asihttp-Prefix.pch";
				IPHONEOS_DEPLOYMENT_TARGET = 5.1;
				ONLY_ACTIVE_ARCH = NO;
				OTHER_LDFLAGS = "";
				PRODUCT_NAME = "$(TARGET_NAME)";
				SKIP_INSTALL = YES;
			};
			name = Release;
		};
		91EB6ACE15E4ED750036B5D2 /* Debug */ = {
			isa = XCBuildConfiguration;
			buildSettings = {
				ALWAYS_SEARCH_USER_PATHS = NO;
				ARCHS = "$(ARCHS_STANDARD_32_BIT)";
				CLANG_CXX_LANGUAGE_STANDARD = "gnu++0x";
				CLANG_ENABLE_OBJC_ARC = YES;
				CLANG_WARN__DUPLICATE_METHOD_MATCH = YES;
				"CODE_SIGN_IDENTITY[sdk=iphoneos*]" = "iPhone Developer";
				COPY_PHASE_STRIP = NO;
				GCC_C_LANGUAGE_STANDARD = gnu99;
				GCC_DYNAMIC_NO_PIC = NO;
				GCC_OPTIMIZATION_LEVEL = 0;
				GCC_PREPROCESSOR_DEFINITIONS = (
					"DEBUG=1",
					"$(inherited)",
				);
				GCC_SYMBOLS_PRIVATE_EXTERN = NO;
				GCC_VERSION = com.apple.compilers.llvm.clang.1_0;
				GCC_WARN_ABOUT_RETURN_TYPE = YES;
				GCC_WARN_UNINITIALIZED_AUTOS = YES;
				GCC_WARN_UNUSED_VARIABLE = YES;
				IPHONEOS_DEPLOYMENT_TARGET = 5.1;
				SDKROOT = iphoneos;
				TARGETED_DEVICE_FAMILY = "1,2";
			};
			name = Debug;
		};
		91EB6ACF15E4ED750036B5D2 /* Release */ = {
			isa = XCBuildConfiguration;
			buildSettings = {
				ALWAYS_SEARCH_USER_PATHS = NO;
				ARCHS = "$(ARCHS_STANDARD_32_BIT)";
				CLANG_CXX_LANGUAGE_STANDARD = "gnu++0x";
				CLANG_ENABLE_OBJC_ARC = YES;
				CLANG_WARN__DUPLICATE_METHOD_MATCH = YES;
				"CODE_SIGN_IDENTITY[sdk=iphoneos*]" = "iPhone Developer";
				COPY_PHASE_STRIP = YES;
				GCC_C_LANGUAGE_STANDARD = gnu99;
				GCC_VERSION = com.apple.compilers.llvm.clang.1_0;
				GCC_WARN_ABOUT_RETURN_TYPE = YES;
				GCC_WARN_UNINITIALIZED_AUTOS = YES;
				GCC_WARN_UNUSED_VARIABLE = YES;
				IPHONEOS_DEPLOYMENT_TARGET = 5.1;
				OTHER_CFLAGS = "-DNS_BLOCK_ASSERTIONS=1";
				SDKROOT = iphoneos;
				TARGETED_DEVICE_FAMILY = "1,2";
				VALIDATE_PRODUCT = YES;
			};
			name = Release;
		};
		91EB6AD115E4ED750036B5D2 /* Debug */ = {
			isa = XCBuildConfiguration;
			buildSettings = {
				GCC_PRECOMPILE_PREFIX_HEADER = YES;
				GCC_PREFIX_HEADER = "SetC : SujetsetCorriges/SetC : SujetsetCorriges-Prefix.pch";
				INFOPLIST_FILE = "SetC : SujetsetCorriges/SetC : SujetsetCorriges-Info.plist";
				IPHONEOS_DEPLOYMENT_TARGET = 5.1;
				OTHER_LDFLAGS = "";
				PRODUCT_NAME = "$(TARGET_NAME)";
				WRAPPER_EXTENSION = app;
			};
			name = Debug;
		};
		91EB6AD215E4ED750036B5D2 /* Release */ = {
			isa = XCBuildConfiguration;
			buildSettings = {
				GCC_PRECOMPILE_PREFIX_HEADER = YES;
				GCC_PREFIX_HEADER = "SetC : SujetsetCorriges/SetC : SujetsetCorriges-Prefix.pch";
				INFOPLIST_FILE = "SetC : SujetsetCorriges/SetC : SujetsetCorriges-Info.plist";
				IPHONEOS_DEPLOYMENT_TARGET = 5.1;
				OTHER_LDFLAGS = "";
				PRODUCT_NAME = "$(TARGET_NAME)";
				WRAPPER_EXTENSION = app;
			};
			name = Release;
		};
/* End XCBuildConfiguration section */

/* Begin XCConfigurationList section */
		915A984A161E0C1B00AE7694 /* Build configuration list for PBXNativeTarget "lib-asihttp" */ = {
			isa = XCConfigurationList;
			buildConfigurations = (
				915A984B161E0C1B00AE7694 /* Debug */,
				915A984C161E0C1B00AE7694 /* Release */,
			);
			defaultConfigurationIsVisible = 0;
			defaultConfigurationName = Release;
		};
		91EB6A9815E4ED750036B5D2 /* Build configuration list for PBXProject "SetC : SujetsetCorriges" */ = {
			isa = XCConfigurationList;
			buildConfigurations = (
				91EB6ACE15E4ED750036B5D2 /* Debug */,
				91EB6ACF15E4ED750036B5D2 /* Release */,
			);
			defaultConfigurationIsVisible = 0;
			defaultConfigurationName = Release;
		};
		91EB6AD015E4ED750036B5D2 /* Build configuration list for PBXNativeTarget "SetC : SujetsetCorriges" */ = {
			isa = XCConfigurationList;
			buildConfigurations = (
				91EB6AD115E4ED750036B5D2 /* Debug */,
				91EB6AD215E4ED750036B5D2 /* Release */,
			);
			defaultConfigurationIsVisible = 0;
			defaultConfigurationName = Release;
		};
/* End XCConfigurationList section */
	};
	rootObject = 91EB6A9515E4ED750036B5D2 /* Project object */;
}
